
Microsoft Visual Studio Solution File, Format Version 12.00
# Visual Studio Version 17
VisualStudioVersion = 17.6.33723.286
MinimumVisualStudioVersion = 10.0.40219.1
Project("{9A19103F-16F7-4668-BE54-9A1E7A4F7556}") = "Sicoob.API.AuthT", "Sicoob.API.Auth\Sicoob.API.AuthT.csproj", "{52688A6D-7DE1-404D-9E4A-32BE3E0FA9D5}"
EndProject
Project("{9A19103F-16F7-4668-BE54-9A1E7A4F7556}") = "Sicoob.API.Authh", "Sicoob.API.Authh\Sicoob.API.Authh.csproj", "{7D6A9B9C-2F09-4120-BB25-CEF64D4820AF}"
EndProject
Project("{9A19103F-16F7-4668-BE54-9A1E7A4F7556}") = "Sicoob.Mail", "Sicoob.Mail\Sicoob.Mail.csproj", "{8C2D1C3A-5422-40EB-A478-96A59DF7608A}"
EndProject
Project("{FAE04EC0-301F-11D3-BF4B-00C04F79EFBC}") = "Sicoob.API.AuthOriginal", "Sicoob.API.AuthOriginal\Sicoob.API.AuthOriginal.csproj", "{472DEC1F-D417-49E3-8D3D-94F3CD51DDE5}"
EndProject
Global
	GlobalSection(SolutionConfigurationPlatforms) = preSolution
		Debug|Any CPU = Debug|Any CPU
		Release|Any CPU = Release|Any CPU
	EndGlobalSection
	GlobalSection(ProjectConfigurationPlatforms) = postSolution
		{52688A6D-7DE1-404D-9E4A-32BE3E0FA9D5}.Debug|Any CPU.ActiveCfg = Debug|Any CPU
		{52688A6D-7DE1-404D-9E4A-32BE3E0FA9D5}.Debug|Any CPU.Build.0 = Debug|Any CPU
		{52688A6D-7DE1-404D-9E4A-32BE3E0FA9D5}.Release|Any CPU.ActiveCfg = Release|Any CPU
		{52688A6D-7DE1-404D-9E4A-32BE3E0FA9D5}.Release|Any CPU.Build.0 = Release|Any CPU
		{7D6A9B9C-2F09-4120-BB25-CEF64D4820AF}.Debug|Any CPU.ActiveCfg = Debug|Any CPU
		{7D6A9B9C-2F09-4120-BB25-CEF64D4820AF}.Debug|Any CPU.Build.0 = Debug|Any CPU
		{7D6A9B9C-2F09-4120-BB25-CEF64D4820AF}.Release|Any CPU.ActiveCfg = Release|Any CPU
		{7D6A9B9C-2F09-4120-BB25-CEF64D4820AF}.Release|Any CPU.Build.0 = Release|Any CPU
		{8C2D1C3A-5422-40EB-A478-96A59DF7608A}.Debug|Any CPU.ActiveCfg = Debug|Any CPU
		{8C2D1C3A-5422-40EB-A478-96A59DF7608A}.Debug|Any CPU.Build.0 = Debug|Any CPU
		{8C2D1C3A-5422-40EB-A478-96A59DF7608A}.Release|Any CPU.ActiveCfg = Release|Any CPU
		{8C2D1C3A-5422-40EB-A478-96A59DF7608A}.Release|Any CPU.Build.0 = Release|Any CPU
		{472DEC1F-D417-49E3-8D3D-94F3CD51DDE5}.Debug|Any CPU.ActiveCfg = Debug|Any CPU
		{472DEC1F-D417-49E3-8D3D-94F3CD51DDE5}.Debug|Any CPU.Build.0 = Debug|Any CPU
		{472DEC1F-D417-49E3-8D3D-94F3CD51DDE5}.Release|Any CPU.ActiveCfg = Release|Any CPU
		{472DEC1F-D417-49E3-8D3D-94F3CD51DDE5}.Release|Any CPU.Build.0 = Release|Any CPU
	EndGlobalSection
	GlobalSection(SolutionProperties) = preSolution
		HideSolutionNode = FALSE
	EndGlobalSection
	GlobalSection(ExtensibilityGlobals) = postSolution
		SolutionGuid = {2DF2FE26-311F-468B-ACEC-2B7A2BEAD108}
	EndGlobalSection
EndGlobal
